// !$*UTF8*$!
{
	archiveVersion = 1;
	classes = {
	};
	objectVersion = 46;
	objects = {

/* Begin PBXBuildFile section */
		A97D45821A0531EC007867FF /* AppDelegate.swift in Sources */ = {isa = PBXBuildFile; fileRef = A97D45811A0531EC007867FF /* AppDelegate.swift */; };
		A97D45841A0531EC007867FF /* ViewController.swift in Sources */ = {isa = PBXBuildFile; fileRef = A97D45831A0531EC007867FF /* ViewController.swift */; };
		A97D45871A0531ED007867FF /* Main.storyboard in Resources */ = {isa = PBXBuildFile; fileRef = A97D45851A0531ED007867FF /* Main.storyboard */; };
		A97D45891A0531ED007867FF /* Images.xcassets in Resources */ = {isa = PBXBuildFile; fileRef = A97D45881A0531ED007867FF /* Images.xcassets */; };
		A97D458C1A0531ED007867FF /* LaunchScreen.xib in Resources */ = {isa = PBXBuildFile; fileRef = A97D458A1A0531ED007867FF /* LaunchScreen.xib */; };
		A97D45981A0531ED007867FF /* TigerTidalTests.swift in Sources */ = {isa = PBXBuildFile; fileRef = A97D45971A0531ED007867FF /* TigerTidalTests.swift */; };
		A97D45A41A0534ED007867FF /* GoogleMaps.framework in Frameworks */ = {isa = PBXBuildFile; fileRef = A97D45A31A0534ED007867FF /* GoogleMaps.framework */; };
		A97D45A61A053518007867FF /* GoogleMaps.bundle in Resources */ = {isa = PBXBuildFile; fileRef = A97D45A51A053518007867FF /* GoogleMaps.bundle */; };
		A97D45A81A053547007867FF /* AVFoundation.framework in Frameworks */ = {isa = PBXBuildFile; fileRef = A97D45A71A053547007867FF /* AVFoundation.framework */; };
		A97D45AA1A05354E007867FF /* CoreData.framework in Frameworks */ = {isa = PBXBuildFile; fileRef = A97D45A91A05354E007867FF /* CoreData.framework */; };
		A97D45AC1A053554007867FF /* CoreLocation.framework in Frameworks */ = {isa = PBXBuildFile; fileRef = A97D45AB1A053554007867FF /* CoreLocation.framework */; };
		A97D45AE1A05355C007867FF /* GLKit.framework in Frameworks */ = {isa = PBXBuildFile; fileRef = A97D45AD1A05355C007867FF /* GLKit.framework */; };
		A97D45B01A053562007867FF /* ImageIO.framework in Frameworks */ = {isa = PBXBuildFile; fileRef = A97D45AF1A053562007867FF /* ImageIO.framework */; };
		A97D45B21A05356B007867FF /* libc++.dylib in Frameworks */ = {isa = PBXBuildFile; fileRef = A97D45B11A05356B007867FF /* libc++.dylib */; };
		A97D45B41A053574007867FF /* libicucore.dylib in Frameworks */ = {isa = PBXBuildFile; fileRef = A97D45B31A053574007867FF /* libicucore.dylib */; };
		A97D45B61A05357E007867FF /* libz.dylib in Frameworks */ = {isa = PBXBuildFile; fileRef = A97D45B51A05357E007867FF /* libz.dylib */; };
		A97D45B81A053586007867FF /* OpenGLES.framework in Frameworks */ = {isa = PBXBuildFile; fileRef = A97D45B71A053586007867FF /* OpenGLES.framework */; };
		A97D45BA1A05358D007867FF /* QuartzCore.framework in Frameworks */ = {isa = PBXBuildFile; fileRef = A97D45B91A05358D007867FF /* QuartzCore.framework */; };
		A97D45BC1A053594007867FF /* SystemConfiguration.framework in Frameworks */ = {isa = PBXBuildFile; fileRef = A97D45BB1A053594007867FF /* SystemConfiguration.framework */; };
		A97D45C11A0539D0007867FF /* GoogleDataProvider.swift in Sources */ = {isa = PBXBuildFile; fileRef = A97D45C01A0539D0007867FF /* GoogleDataProvider.swift */; };
/* End PBXBuildFile section */

/* Begin PBXContainerItemProxy section */
		A97D45921A0531ED007867FF /* PBXContainerItemProxy */ = {
			isa = PBXContainerItemProxy;
			containerPortal = A97D45741A0531EC007867FF /* Project object */;
			proxyType = 1;
			remoteGlobalIDString = A97D457B1A0531EC007867FF;
			remoteInfo = TigerTidal;
		};
/* End PBXContainerItemProxy section */

/* Begin PBXFileReference section */
		A97D457C1A0531EC007867FF /* TigerTidal.app */ = {isa = PBXFileReference; explicitFileType = wrapper.application; includeInIndex = 0; path = TigerTidal.app; sourceTree = BUILT_PRODUCTS_DIR; };
		A97D45801A0531EC007867FF /* Info.plist */ = {isa = PBXFileReference; lastKnownFileType = text.plist.xml; path = Info.plist; sourceTree = "<group>"; };
		A97D45811A0531EC007867FF /* AppDelegate.swift */ = {isa = PBXFileReference; lastKnownFileType = sourcecode.swift; path = AppDelegate.swift; sourceTree = "<group>"; };
		A97D45831A0531EC007867FF /* ViewController.swift */ = {isa = PBXFileReference; lastKnownFileType = sourcecode.swift; path = ViewController.swift; sourceTree = "<group>"; };
		A97D45861A0531ED007867FF /* Base */ = {isa = PBXFileReference; lastKnownFileType = file.storyboard; name = Base; path = Base.lproj/Main.storyboard; sourceTree = "<group>"; };
		A97D45881A0531ED007867FF /* Images.xcassets */ = {isa = PBXFileReference; lastKnownFileType = folder.assetcatalog; path = Images.xcassets; sourceTree = "<group>"; };
		A97D458B1A0531ED007867FF /* Base */ = {isa = PBXFileReference; lastKnownFileType = file.xib; name = Base; path = Base.lproj/LaunchScreen.xib; sourceTree = "<group>"; };
		A97D45911A0531ED007867FF /* TigerTidalTests.xctest */ = {isa = PBXFileReference; explicitFileType = wrapper.cfbundle; includeInIndex = 0; path = TigerTidalTests.xctest; sourceTree = BUILT_PRODUCTS_DIR; };
		A97D45961A0531ED007867FF /* Info.plist */ = {isa = PBXFileReference; lastKnownFileType = text.plist.xml; path = Info.plist; sourceTree = "<group>"; };
		A97D45971A0531ED007867FF /* TigerTidalTests.swift */ = {isa = PBXFileReference; lastKnownFileType = sourcecode.swift; path = TigerTidalTests.swift; sourceTree = "<group>"; };
		A97D45A31A0534ED007867FF /* GoogleMaps.framework */ = {isa = PBXFileReference; lastKnownFileType = wrapper.framework; path = GoogleMaps.framework; sourceTree = "<group>"; };
		A97D45A51A053518007867FF /* GoogleMaps.bundle */ = {isa = PBXFileReference; lastKnownFileType = "wrapper.plug-in"; name = GoogleMaps.bundle; path = GoogleMaps.framework/Versions/A/Resources/GoogleMaps.bundle; sourceTree = "<group>"; };
		A97D45A71A053547007867FF /* AVFoundation.framework */ = {isa = PBXFileReference; lastKnownFileType = wrapper.framework; name = AVFoundation.framework; path = System/Library/Frameworks/AVFoundation.framework; sourceTree = SDKROOT; };
		A97D45A91A05354E007867FF /* CoreData.framework */ = {isa = PBXFileReference; lastKnownFileType = wrapper.framework; name = CoreData.framework; path = System/Library/Frameworks/CoreData.framework; sourceTree = SDKROOT; };
		A97D45AB1A053554007867FF /* CoreLocation.framework */ = {isa = PBXFileReference; lastKnownFileType = wrapper.framework; name = CoreLocation.framework; path = System/Library/Frameworks/CoreLocation.framework; sourceTree = SDKROOT; };
		A97D45AD1A05355C007867FF /* GLKit.framework */ = {isa = PBXFileReference; lastKnownFileType = wrapper.framework; name = GLKit.framework; path = System/Library/Frameworks/GLKit.framework; sourceTree = SDKROOT; };
		A97D45AF1A053562007867FF /* ImageIO.framework */ = {isa = PBXFileReference; lastKnownFileType = wrapper.framework; name = ImageIO.framework; path = System/Library/Frameworks/ImageIO.framework; sourceTree = SDKROOT; };
		A97D45B11A05356B007867FF /* libc++.dylib */ = {isa = PBXFileReference; lastKnownFileType = "compiled.mach-o.dylib"; name = "libc++.dylib"; path = "usr/lib/libc++.dylib"; sourceTree = SDKROOT; };
		A97D45B31A053574007867FF /* libicucore.dylib */ = {isa = PBXFileReference; lastKnownFileType = "compiled.mach-o.dylib"; name = libicucore.dylib; path = usr/lib/libicucore.dylib; sourceTree = SDKROOT; };
		A97D45B51A05357E007867FF /* libz.dylib */ = {isa = PBXFileReference; lastKnownFileType = "compiled.mach-o.dylib"; name = libz.dylib; path = usr/lib/libz.dylib; sourceTree = SDKROOT; };
		A97D45B71A053586007867FF /* OpenGLES.framework */ = {isa = PBXFileReference; lastKnownFileType = wrapper.framework; name = OpenGLES.framework; path = System/Library/Frameworks/OpenGLES.framework; sourceTree = SDKROOT; };
		A97D45B91A05358D007867FF /* QuartzCore.framework */ = {isa = PBXFileReference; lastKnownFileType = wrapper.framework; name = QuartzCore.framework; path = System/Library/Frameworks/QuartzCore.framework; sourceTree = SDKROOT; };
		A97D45BB1A053594007867FF /* SystemConfiguration.framework */ = {isa = PBXFileReference; lastKnownFileType = wrapper.framework; name = SystemConfiguration.framework; path = System/Library/Frameworks/SystemConfiguration.framework; sourceTree = SDKROOT; };
		A97D45BD1A05378C007867FF /* TigerTidal-Bridging-Header.h */ = {isa = PBXFileReference; lastKnownFileType = sourcecode.c.h; path = "TigerTidal-Bridging-Header.h"; sourceTree = "<group>"; };
		A97D45C01A0539D0007867FF /* GoogleDataProvider.swift */ = {isa = PBXFileReference; fileEncoding = 4; lastKnownFileType = sourcecode.swift; name = GoogleDataProvider.swift; path = "../../../../Downloads/Feed Me Starter/Feed Me/Model/GoogleDataProvider.swift"; sourceTree = "<group>"; };
/* End PBXFileReference section */

/* Begin PBXFrameworksBuildPhase section */
		A97D45791A0531EC007867FF /* Frameworks */ = {
			isa = PBXFrameworksBuildPhase;
			buildActionMask = 2147483647;
			files = (
				A97D45BC1A053594007867FF /* SystemConfiguration.framework in Frameworks */,
				A97D45BA1A05358D007867FF /* QuartzCore.framework in Frameworks */,
				A97D45B81A053586007867FF /* OpenGLES.framework in Frameworks */,
				A97D45B61A05357E007867FF /* libz.dylib in Frameworks */,
				A97D45B41A053574007867FF /* libicucore.dylib in Frameworks */,
				A97D45B21A05356B007867FF /* libc++.dylib in Frameworks */,
				A97D45B01A053562007867FF /* ImageIO.framework in Frameworks */,
				A97D45AE1A05355C007867FF /* GLKit.framework in Frameworks */,
				A97D45AC1A053554007867FF /* CoreLocation.framework in Frameworks */,
				A97D45AA1A05354E007867FF /* CoreData.framework in Frameworks */,
				A97D45A81A053547007867FF /* AVFoundation.framework in Frameworks */,
				A97D45A41A0534ED007867FF /* GoogleMaps.framework in Frameworks */,
			);
			runOnlyForDeploymentPostprocessing = 0;
		};
		A97D458E1A0531ED007867FF /* Frameworks */ = {
			isa = PBXFrameworksBuildPhase;
			buildActionMask = 2147483647;
			files = (
			);
			runOnlyForDeploymentPostprocessing = 0;
		};
/* End PBXFrameworksBuildPhase section */

/* Begin PBXGroup section */
		A97D45731A0531EC007867FF = {
			isa = PBXGroup;
			children = (
				A97D45BB1A053594007867FF /* SystemConfiguration.framework */,
				A97D45B91A05358D007867FF /* QuartzCore.framework */,
				A97D45B71A053586007867FF /* OpenGLES.framework */,
				A97D45B51A05357E007867FF /* libz.dylib */,
				A97D45B31A053574007867FF /* libicucore.dylib */,
				A97D45B11A05356B007867FF /* libc++.dylib */,
				A97D45AF1A053562007867FF /* ImageIO.framework */,
				A97D45AD1A05355C007867FF /* GLKit.framework */,
				A97D45AB1A053554007867FF /* CoreLocation.framework */,
				A97D45A91A05354E007867FF /* CoreData.framework */,
				A97D45A71A053547007867FF /* AVFoundation.framework */,
				A97D45A51A053518007867FF /* GoogleMaps.bundle */,
				A97D45A31A0534ED007867FF /* GoogleMaps.framework */,
				A97D457E1A0531EC007867FF /* TigerTidal */,
				A97D45941A0531ED007867FF /* TigerTidalTests */,
				A97D457D1A0531EC007867FF /* Products */,
			);
			sourceTree = "<group>";
		};
		A97D457D1A0531EC007867FF /* Products */ = {
			isa = PBXGroup;
			children = (
				A97D457C1A0531EC007867FF /* TigerTidal.app */,
				A97D45911A0531ED007867FF /* TigerTidalTests.xctest */,
			);
			name = Products;
			sourceTree = "<group>";
		};
		A97D457E1A0531EC007867FF /* TigerTidal */ = {
			isa = PBXGroup;
			children = (
				A97D45811A0531EC007867FF /* AppDelegate.swift */,
				A97D45C01A0539D0007867FF /* GoogleDataProvider.swift */,
				A97D45831A0531EC007867FF /* ViewController.swift */,
				A97D45851A0531ED007867FF /* Main.storyboard */,
				A97D45881A0531ED007867FF /* Images.xcassets */,
				A97D458A1A0531ED007867FF /* LaunchScreen.xib */,
				A97D457F1A0531EC007867FF /* Supporting Files */,
				A97D45BD1A05378C007867FF /* TigerTidal-Bridging-Header.h */,
			);
			path = TigerTidal;
			sourceTree = "<group>";
		};
		A97D457F1A0531EC007867FF /* Supporting Files */ = {
			isa = PBXGroup;
			children = (
				A97D45801A0531EC007867FF /* Info.plist */,
			);
			name = "Supporting Files";
			sourceTree = "<group>";
		};
		A97D45941A0531ED007867FF /* TigerTidalTests */ = {
			isa = PBXGroup;
			children = (
				A97D45971A0531ED007867FF /* TigerTidalTests.swift */,
				A97D45951A0531ED007867FF /* Supporting Files */,
			);
			path = TigerTidalTests;
			sourceTree = "<group>";
		};
		A97D45951A0531ED007867FF /* Supporting Files */ = {
			isa = PBXGroup;
			children = (
				A97D45961A0531ED007867FF /* Info.plist */,
			);
			name = "Supporting Files";
			sourceTree = "<group>";
		};
/* End PBXGroup section */

/* Begin PBXNativeTarget section */
		A97D457B1A0531EC007867FF /* TigerTidal */ = {
			isa = PBXNativeTarget;
			buildConfigurationList = A97D459B1A0531ED007867FF /* Build configuration list for PBXNativeTarget "TigerTidal" */;
			buildPhases = (
				A97D45781A0531EC007867FF /* Sources */,
				A97D45791A0531EC007867FF /* Frameworks */,
				A97D457A1A0531EC007867FF /* Resources */,
			);
			buildRules = (
			);
			dependencies = (
			);
			name = TigerTidal;
			productName = TigerTidal;
			productReference = A97D457C1A0531EC007867FF /* TigerTidal.app */;
			productType = "com.apple.product-type.application";
		};
		A97D45901A0531ED007867FF /* TigerTidalTests */ = {
			isa = PBXNativeTarget;
			buildConfigurationList = A97D459E1A0531ED007867FF /* Build configuration list for PBXNativeTarget "TigerTidalTests" */;
			buildPhases = (
				A97D458D1A0531ED007867FF /* Sources */,
				A97D458E1A0531ED007867FF /* Frameworks */,
				A97D458F1A0531ED007867FF /* Resources */,
			);
			buildRules = (
			);
			dependencies = (
				A97D45931A0531ED007867FF /* PBXTargetDependency */,
			);
			name = TigerTidalTests;
			productName = TigerTidalTests;
			productReference = A97D45911A0531ED007867FF /* TigerTidalTests.xctest */;
			productType = "com.apple.product-type.bundle.unit-test";
		};
/* End PBXNativeTarget section */

/* Begin PBXProject section */
		A97D45741A0531EC007867FF /* Project object */ = {
			isa = PBXProject;
			attributes = {
				LastUpgradeCheck = 0610;
				ORGANIZATIONNAME = "Sam Jordan";
				TargetAttributes = {
					A97D457B1A0531EC007867FF = {
						CreatedOnToolsVersion = 6.1;
					};
					A97D45901A0531ED007867FF = {
						CreatedOnToolsVersion = 6.1;
						TestTargetID = A97D457B1A0531EC007867FF;
					};
				};
			};
			buildConfigurationList = A97D45771A0531EC007867FF /* Build configuration list for PBXProject "TigerTidal" */;
			compatibilityVersion = "Xcode 3.2";
			developmentRegion = English;
			hasScannedForEncodings = 0;
			knownRegions = (
				en,
				Base,
			);
			mainGroup = A97D45731A0531EC007867FF;
			productRefGroup = A97D457D1A0531EC007867FF /* Products */;
			projectDirPath = "";
			projectRoot = "";
			targets = (
				A97D457B1A0531EC007867FF /* TigerTidal */,
				A97D45901A0531ED007867FF /* TigerTidalTests */,
			);
		};
/* End PBXProject section */

/* Begin PBXResourcesBuildPhase section */
		A97D457A1A0531EC007867FF /* Resources */ = {
			isa = PBXResourcesBuildPhase;
			buildActionMask = 2147483647;
			files = (
				A97D45871A0531ED007867FF /* Main.storyboard in Resources */,
				A97D458C1A0531ED007867FF /* LaunchScreen.xib in Resources */,
				A97D45891A0531ED007867FF /* Images.xcassets in Resources */,
				A97D45A61A053518007867FF /* GoogleMaps.bundle in Resources */,
			);
			runOnlyForDeploymentPostprocessing = 0;
		};
		A97D458F1A0531ED007867FF /* Resources */ = {
			isa = PBXResourcesBuildPhase;
			buildActionMask = 2147483647;
			files = (
			);
			runOnlyForDeploymentPostprocessing = 0;
		};
/* End PBXResourcesBuildPhase section */

/* Begin PBXSourcesBuildPhase section */
		A97D45781A0531EC007867FF /* Sources */ = {
			isa = PBXSourcesBuildPhase;
			buildActionMask = 2147483647;
			files = (
				A97D45841A0531EC007867FF /* ViewController.swift in Sources */,
				A97D45C11A0539D0007867FF /* GoogleDataProvider.swift in Sources */,
				A97D45821A0531EC007867FF /* AppDelegate.swift in Sources */,
			);
			runOnlyForDeploymentPostprocessing = 0;
		};
		A97D458D1A0531ED007867FF /* Sources */ = {
			isa = PBXSourcesBuildPhase;
			buildActionMask = 2147483647;
			files = (
				A97D45981A0531ED007867FF /* TigerTidalTests.swift in Sources */,
			);
			runOnlyForDeploymentPostprocessing = 0;
		};
/* End PBXSourcesBuildPhase section */

/* Begin PBXTargetDependency section */
		A97D45931A0531ED007867FF /* PBXTargetDependency */ = {
			isa = PBXTargetDependency;
			target = A97D457B1A0531EC007867FF /* TigerTidal */;
			targetProxy = A97D45921A0531ED007867FF /* PBXContainerItemProxy */;
		};
/* End PBXTargetDependency section */

/* Begin PBXVariantGroup section */
		A97D45851A0531ED007867FF /* Main.storyboard */ = {
			isa = PBXVariantGroup;
			children = (
				A97D45861A0531ED007867FF /* Base */,
			);
			name = Main.storyboard;
			sourceTree = "<group>";
		};
		A97D458A1A0531ED007867FF /* LaunchScreen.xib */ = {
			isa = PBXVariantGroup;
			children = (
				A97D458B1A0531ED007867FF /* Base */,
			);
			name = LaunchScreen.xib;
			sourceTree = "<group>";
		};
/* End PBXVariantGroup section */

/* Begin XCBuildConfiguration section */
		A97D45991A0531ED007867FF /* Debug */ = {
			isa = XCBuildConfiguration;
			buildSettings = {
				ALWAYS_SEARCH_USER_PATHS = NO;
				CLANG_CXX_LANGUAGE_STANDARD = "gnu++0x";
				CLANG_CXX_LIBRARY = "libc++";
				CLANG_ENABLE_MODULES = YES;
				CLANG_ENABLE_OBJC_ARC = YES;
				CLANG_WARN_BOOL_CONVERSION = YES;
				CLANG_WARN_CONSTANT_CONVERSION = YES;
				CLANG_WARN_DIRECT_OBJC_ISA_USAGE = YES_ERROR;
				CLANG_WARN_EMPTY_BODY = YES;
				CLANG_WARN_ENUM_CONVERSION = YES;
				CLANG_WARN_INT_CONVERSION = YES;
				CLANG_WARN_OBJC_ROOT_CLASS = YES_ERROR;
				CLANG_WARN_UNREACHABLE_CODE = YES;
				CLANG_WARN__DUPLICATE_METHOD_MATCH = YES;
				"CODE_SIGN_IDENTITY[sdk=iphoneos*]" = "iPhone Developer";
				COPY_PHASE_STRIP = NO;
				ENABLE_STRICT_OBJC_MSGSEND = YES;
				GCC_C_LANGUAGE_STANDARD = gnu99;
				GCC_DYNAMIC_NO_PIC = NO;
				GCC_OPTIMIZATION_LEVEL = 0;
				GCC_PREPROCESSOR_DEFINITIONS = (
					"DEBUG=1",
					"$(inherited)",
				);
				GCC_SYMBOLS_PRIVATE_EXTERN = NO;
				GCC_WARN_64_TO_32_BIT_CONVERSION = YES;
				GCC_WARN_ABOUT_RETURN_TYPE = YES_ERROR;
				GCC_WARN_UNDECLARED_SELECTOR = YES;
				GCC_WARN_UNINITIALIZED_AUTOS = YES_AGGRESSIVE;
				GCC_WARN_UNUSED_FUNCTION = YES;
				GCC_WARN_UNUSED_VARIABLE = YES;
				IPHONEOS_DEPLOYMENT_TARGET = 8.1;
				MTL_ENABLE_DEBUG_INFO = YES;
				ONLY_ACTIVE_ARCH = YES;
				OTHER_LDFLAGS = "-ObjC";
				SDKROOT = iphoneos;
				SWIFT_OPTIMIZATION_LEVEL = "-Onone";
			};
			name = Debug;
		};
		A97D459A1A0531ED007867FF /* Release */ = {
			isa = XCBuildConfiguration;
			buildSettings = {
				ALWAYS_SEARCH_USER_PATHS = NO;
				CLANG_CXX_LANGUAGE_STANDARD = "gnu++0x";
				CLANG_CXX_LIBRARY = "libc++";
				CLANG_ENABLE_MODULES = YES;
				CLANG_ENABLE_OBJC_ARC = YES;
				CLANG_WARN_BOOL_CONVERSION = YES;
				CLANG_WARN_CONSTANT_CONVERSION = YES;
				CLANG_WARN_DIRECT_OBJC_ISA_USAGE = YES_ERROR;
				CLANG_WARN_EMPTY_BODY = YES;
				CLANG_WARN_ENUM_CONVERSION = YES;
				CLANG_WARN_INT_CONVERSION = YES;
				CLANG_WARN_OBJC_ROOT_CLASS = YES_ERROR;
				CLANG_WARN_UNREACHABLE_CODE = YES;
				CLANG_WARN__DUPLICATE_METHOD_MATCH = YES;
				"CODE_SIGN_IDENTITY[sdk=iphoneos*]" = "iPhone Developer";
				COPY_PHASE_STRIP = YES;
				ENABLE_NS_ASSERTIONS = NO;
				ENABLE_STRICT_OBJC_MSGSEND = YES;
				GCC_C_LANGUAGE_STANDARD = gnu99;
				GCC_WARN_64_TO_32_BIT_CONVERSION = YES;
				GCC_WARN_ABOUT_RETURN_TYPE = YES_ERROR;
				GCC_WARN_UNDECLARED_SELECTOR = YES;
				GCC_WARN_UNINITIALIZED_AUTOS = YES_AGGRESSIVE;
				GCC_WARN_UNUSED_FUNCTION = YES;
				GCC_WARN_UNUSED_VARIABLE = YES;
				IPHONEOS_DEPLOYMENT_TARGET = 8.1;
				MTL_ENABLE_DEBUG_INFO = NO;
				OTHER_LDFLAGS = "-ObjC";
				SDKROOT = iphoneos;
				VALIDATE_PRODUCT = YES;
			};
			name = Release;
		};
		A97D459C1A0531ED007867FF /* Debug */ = {
			isa = XCBuildConfiguration;
			buildSettings = {
				ASSETCATALOG_COMPILER_APPICON_NAME = AppIcon;
				CLANG_ENABLE_MODULES = YES;
				FRAMEWORK_SEARCH_PATHS = (
					"$(inherited)",
					"/Users/samjordan/Documents/IW/GoogleMaps-iOS-1.8.1",
					"$(PROJECT_DIR)",
				);
				INFOPLIST_FILE = TigerTidal/Info.plist;
				LD_RUNPATH_SEARCH_PATHS = "$(inherited) @executable_path/Frameworks";
				PRODUCT_NAME = "$(TARGET_NAME)";
				SWIFT_OBJC_BRIDGING_HEADER = "TigerTidal/TigerTidal-Bridging-Header.h";
				SWIFT_OPTIMIZATION_LEVEL = "-Onone";
			};
			name = Debug;
		};
		A97D459D1A0531ED007867FF /* Release */ = {
			isa = XCBuildConfiguration;
			buildSettings = {
				ASSETCATALOG_COMPILER_APPICON_NAME = AppIcon;
				CLANG_ENABLE_MODULES = YES;
				FRAMEWORK_SEARCH_PATHS = (
					"$(inherited)",
					"/Users/samjordan/Documents/IW/GoogleMaps-iOS-1.8.1",
					"$(PROJECT_DIR)",
				);
				INFOPLIST_FILE = TigerTidal/Info.plist;
				LD_RUNPATH_SEARCH_PATHS = "$(inherited) @executable_path/Frameworks";
				PRODUCT_NAME = "$(TARGET_NAME)";
				SWIFT_OBJC_BRIDGING_HEADER = "TigerTidal/TigerTidal-Bridging-Header.h";
			};
			name = Release;
		};
		A97D459F1A0531ED007867FF /* Debug */ = {
			isa = XCBuildConfiguration;
			buildSettings = {
				BUNDLE_LOADER = "$(TEST_HOST)";
				FRAMEWORK_SEARCH_PATHS = (
					"$(SDKROOT)/Developer/Library/Frameworks",
					"$(inherited)",
				);
				GCC_PREPROCESSOR_DEFINITIONS = (
					"DEBUG=1",
					"$(inherited)",
				);
				INFOPLIST_FILE = TigerTidalTests/Info.plist;
				LD_RUNPATH_SEARCH_PATHS = "$(inherited) @executable_path/Frameworks @loader_path/Frameworks";
				PRODUCT_NAME = "$(TARGET_NAME)";
				TEST_HOST = "$(BUILT_PRODUCTS_DIR)/TigerTidal.app/TigerTidal";
			};
			name = Debug;
		};
		A97D45A01A0531ED007867FF /* Release */ = {
			isa = XCBuildConfiguration;
			buildSettings = {
				BUNDLE_LOADER = "$(TEST_HOST)";
				FRAMEWORK_SEARCH_PATHS = (
					"$(SDKROOT)/Developer/Library/Frameworks",
					"$(inherited)",
				);
				INFOPLIST_FILE = TigerTidalTests/Info.plist;
				LD_RUNPATH_SEARCH_PATHS = "$(inherited) @executable_path/Frameworks @loader_path/Frameworks";
				PRODUCT_NAME = "$(TARGET_NAME)";
				TEST_HOST = "$(BUILT_PRODUCTS_DIR)/TigerTidal.app/TigerTidal";
			};
			name = Release;
		};
/* End XCBuildConfiguration section */

/* Begin XCConfigurationList section */
		A97D45771A0531EC007867FF /* Build configuration list for PBXProject "TigerTidal" */ = {
			isa = XCConfigurationList;
			buildConfigurations = (
				A97D45991A0531ED007867FF /* Debug */,
				A97D459A1A0531ED007867FF /* Release */,
			);
			defaultConfigurationIsVisible = 0;
			defaultConfigurationName = Release;
		};
		A97D459B1A0531ED007867FF /* Build configuration list for PBXNativeTarget "TigerTidal" */ = {
			isa = XCConfigurationList;
			buildConfigurations = (
				A97D459C1A0531ED007867FF /* Debug */,
				A97D459D1A0531ED007867FF /* Release */,
			);
			defaultConfigurationIsVisible = 0;
		};
		A97D459E1A0531ED007867FF /* Build configuration list for PBXNativeTarget "TigerTidalTests" */ = {
			isa = XCConfigurationList;
			buildConfigurations = (
				A97D459F1A0531ED007867FF /* Debug */,
				A97D45A01A0531ED007867FF /* Release */,
			);
			defaultConfigurationIsVisible = 0;
		};
/* End XCConfigurationList section */
	};
	rootObject = A97D45741A0531EC007867FF /* Project object */;
}
